{
  "name": "unitTestingLambdaFunction",
  "version": "1.0.0",
  "lockfileVersion": 1,
  "requires": true,
  "dependencies": {
    "app-root-path": {
      "version": "2.1.0",
      "resolved": "https://registry.npmjs.org/app-root-path/-/app-root-path-2.1.0.tgz",
      "integrity": "sha1-mL9lmTJ+zqGZMJhm6BQDaP0uZGo="
    },
    "dotenv": {
      "version": "5.0.1",
      "resolved": "https://registry.npmjs.org/dotenv/-/dotenv-5.0.1.tgz",
      "integrity": "sha512-4As8uPrjfwb7VXC+WnLCbXK7y+Ueb2B3zgNCePYfhxS1PYeaO1YTeplffTEcbfLhvFNGLAz90VvJs9yomG7bow=="
    },
    "dotenv-json": {
      "version": "1.0.0",
      "resolved": "https://registry.npmjs.org/dotenv-json/-/dotenv-json-1.0.0.tgz",
      "integrity": "sha512-jAssr+6r4nKhKRudQ0HOzMskOFFi9+ubXWwmrSGJFgTvpjyPXCXsCsYbjif6mXp7uxA7xY3/LGaiTQukZzSbOQ=="
    },
    "lambda-leak": {
      "version": "2.0.0",
      "resolved": "https://registry.npmjs.org/lambda-leak/-/lambda-leak-2.0.0.tgz",
      "integrity": "sha1-dxmF02KEh/boha+uK1RRDc+yzX4="
    },
    "lambda-tester": {
      "version": "3.5.0",
      "resolved": "https://registry.npmjs.org/lambda-tester/-/lambda-tester-3.5.0.tgz",
      "integrity": "sha512-QTz0JsIxjOKEyxryDtQD1+fT9KRYifdId53fq+hDwplAe71DB7UuZwNWqjJy1GQZfW57UrQVOWEDuFm4S808GQ==",
      "requires": {
        "app-root-path": "^2.1.0",
        "dotenv": "^5.0.0",
        "dotenv-json": "^1.0.0",
        "lambda-leak": "^2.0.0",
        "semver": "^5.5.0",
        "uuid": "^3.3.2",
        "vandium-utils": "^1.1.1"
      }
    },
    "semver": {
      "version": "5.5.0",
      "resolved": "https://registry.npmjs.org/semver/-/semver-5.5.0.tgz",
      "integrity": "sha512-4SJ3dm0WAwWy/NVeioZh5AntkdJoWKxHxcmyP622fOkgHa4z3R0TdBJICINyaSDE6uNwVc8gZr+ZinwZAH4xIA=="
    },
    "uuid": {
      "version": "3.3.2",
      "resolved": "https://registry.npmjs.org/uuid/-/uuid-3.3.2.tgz",
      "integrity": "sha512-yXJmeNaw3DnnKAOKJE51sL/ZaYfWJRl1pK9dr19YFCu0ObS231AB1/LbqTKRAQ5kw8A90rA6fr4riOUpTZvQZA=="
    },
    "vandium-utils": {
      "version": "1.2.0",
      "resolved": "https://registry.npmjs.org/vandium-utils/-/vandium-utils-1.2.0.tgz",
      "integrity": "sha1-RHNd5LdkGgXeWevpRfF05YLbT1k="
    }
  }
}
